// !$*UTF8*$!
{
	archiveVersion = 1;
	classes = {
	};
	objectVersion = 50;
	objects = {

/* Begin PBXBuildFile section */
		53080E57213EE2D3008FAB7F /* AppDelegate.swift in Sources */ = {isa = PBXBuildFile; fileRef = 53080E56213EE2D3008FAB7F /* AppDelegate.swift */; };
		53080E5C213EE2D3008FAB7F /* Login.storyboard in Resources */ = {isa = PBXBuildFile; fileRef = 53080E5A213EE2D3008FAB7F /* Login.storyboard */; };
		53080E5F213EE2D3008FAB7F /* CINQTest.xcdatamodeld in Sources */ = {isa = PBXBuildFile; fileRef = 53080E5D213EE2D3008FAB7F /* CINQTest.xcdatamodeld */; };
		53080E61213EE2D5008FAB7F /* Assets.xcassets in Resources */ = {isa = PBXBuildFile; fileRef = 53080E60213EE2D5008FAB7F /* Assets.xcassets */; };
		53080E64213EE2D5008FAB7F /* LaunchScreen.storyboard in Resources */ = {isa = PBXBuildFile; fileRef = 53080E62213EE2D5008FAB7F /* LaunchScreen.storyboard */; };
		532C15692140D4C200FB1B0D /* AlbumsViewModel.swift in Sources */ = {isa = PBXBuildFile; fileRef = 532C15682140D4C200FB1B0D /* AlbumsViewModel.swift */; };
		532C156E2140DA5300FB1B0D /* LoggedUserService.swift in Sources */ = {isa = PBXBuildFile; fileRef = 532C156D2140DA5300FB1B0D /* LoggedUserService.swift */; };
		532C15702140DCD700FB1B0D /* RealmService.swift in Sources */ = {isa = PBXBuildFile; fileRef = 532C156F2140DCD700FB1B0D /* RealmService.swift */; };
		532C15722140E4CE00FB1B0D /* Constants.swift in Sources */ = {isa = PBXBuildFile; fileRef = 532C15712140E4CE00FB1B0D /* Constants.swift */; };
		537B0DE6213F3A600035F944 /* Home.storyboard in Resources */ = {isa = PBXBuildFile; fileRef = 537B0DE5213F3A600035F944 /* Home.storyboard */; };
		537B0DEA213F3F3B0035F944 /* AlbumCell.xib in Resources */ = {isa = PBXBuildFile; fileRef = 537B0DE9213F3F3B0035F944 /* AlbumCell.xib */; };
		537B0DEC213F40550035F944 /* UserCell.xib in Resources */ = {isa = PBXBuildFile; fileRef = 537B0DEB213F40550035F944 /* UserCell.xib */; };
		537B0DF5213F46880035F944 /* HomeViewController.swift in Sources */ = {isa = PBXBuildFile; fileRef = 537B0DF4213F46880035F944 /* HomeViewController.swift */; };
		537B0DF7213F48420035F944 /* UserTableViewCell.swift in Sources */ = {isa = PBXBuildFile; fileRef = 537B0DF6213F48420035F944 /* UserTableViewCell.swift */; };
		537B0DF9213F4D9B0035F944 /* HomeViewModel.swift in Sources */ = {isa = PBXBuildFile; fileRef = 537B0DF8213F4D9B0035F944 /* HomeViewModel.swift */; };
		537B0DFB213F4E640035F944 /* User.swift in Sources */ = {isa = PBXBuildFile; fileRef = 537B0DFA213F4E640035F944 /* User.swift */; };
		537B0DFD213F59ED0035F944 /* RegisterViewController.swift in Sources */ = {isa = PBXBuildFile; fileRef = 537B0DFC213F59ED0035F944 /* RegisterViewController.swift */; };
		537B0DFF213F5ADC0035F944 /* RegisterViewModel.swift in Sources */ = {isa = PBXBuildFile; fileRef = 537B0DFE213F5ADC0035F944 /* RegisterViewModel.swift */; };
		537B0E02213F72560035F944 /* ExtensionsViewController.swift in Sources */ = {isa = PBXBuildFile; fileRef = 537B0E01213F72560035F944 /* ExtensionsViewController.swift */; };
		537B0E04213F759E0035F944 /* AlbumsViewController.swift in Sources */ = {isa = PBXBuildFile; fileRef = 537B0E03213F759E0035F944 /* AlbumsViewController.swift */; };
		537B0E06213F896A0035F944 /* Album.swift in Sources */ = {isa = PBXBuildFile; fileRef = 537B0E05213F896A0035F944 /* Album.swift */; };
		537F0463213F8E8400EB933E /* AlbumTableViewCell.swift in Sources */ = {isa = PBXBuildFile; fileRef = 537F0462213F8E8400EB933E /* AlbumTableViewCell.swift */; };
		537F0465213FA59B00EB933E /* LoginViewController.swift in Sources */ = {isa = PBXBuildFile; fileRef = 537F0464213FA59B00EB933E /* LoginViewController.swift */; };
		537F0467213FAAAC00EB933E /* LoginViewModel.swift in Sources */ = {isa = PBXBuildFile; fileRef = 537F0466213FAAAC00EB933E /* LoginViewModel.swift */; };
		6E7736DBE5717833B95478E2 /* Pods_CINQTest.framework in Frameworks */ = {isa = PBXBuildFile; fileRef = 04591D13A5D706628007A098 /* Pods_CINQTest.framework */; };
/* End PBXBuildFile section */

/* Begin PBXFileReference section */
		04591D13A5D706628007A098 /* Pods_CINQTest.framework */ = {isa = PBXFileReference; explicitFileType = wrapper.framework; includeInIndex = 0; path = Pods_CINQTest.framework; sourceTree = BUILT_PRODUCTS_DIR; };
		53080E53213EE2D3008FAB7F /* CINQTest.app */ = {isa = PBXFileReference; explicitFileType = wrapper.application; includeInIndex = 0; path = CINQTest.app; sourceTree = BUILT_PRODUCTS_DIR; };
		53080E56213EE2D3008FAB7F /* AppDelegate.swift */ = {isa = PBXFileReference; lastKnownFileType = sourcecode.swift; path = AppDelegate.swift; sourceTree = "<group>"; };
		53080E5B213EE2D3008FAB7F /* Base */ = {isa = PBXFileReference; lastKnownFileType = file.storyboard; name = Base; path = Base.lproj/Login.storyboard; sourceTree = "<group>"; };
		53080E5E213EE2D3008FAB7F /* CINQTest.xcdatamodel */ = {isa = PBXFileReference; lastKnownFileType = wrapper.xcdatamodel; path = CINQTest.xcdatamodel; sourceTree = "<group>"; };
		53080E60213EE2D5008FAB7F /* Assets.xcassets */ = {isa = PBXFileReference; lastKnownFileType = folder.assetcatalog; path = Assets.xcassets; sourceTree = "<group>"; };
		53080E63213EE2D5008FAB7F /* Base */ = {isa = PBXFileReference; lastKnownFileType = file.storyboard; name = Base; path = Base.lproj/LaunchScreen.storyboard; sourceTree = "<group>"; };
		53080E65213EE2D5008FAB7F /* Info.plist */ = {isa = PBXFileReference; lastKnownFileType = text.plist.xml; path = Info.plist; sourceTree = "<group>"; };
		532C15682140D4C200FB1B0D /* AlbumsViewModel.swift */ = {isa = PBXFileReference; lastKnownFileType = sourcecode.swift; path = AlbumsViewModel.swift; sourceTree = "<group>"; };
		532C156D2140DA5300FB1B0D /* LoggedUserService.swift */ = {isa = PBXFileReference; lastKnownFileType = sourcecode.swift; path = LoggedUserService.swift; sourceTree = "<group>"; };
		532C156F2140DCD700FB1B0D /* RealmService.swift */ = {isa = PBXFileReference; lastKnownFileType = sourcecode.swift; path = RealmService.swift; sourceTree = "<group>"; };
		532C15712140E4CE00FB1B0D /* Constants.swift */ = {isa = PBXFileReference; lastKnownFileType = sourcecode.swift; path = Constants.swift; sourceTree = "<group>"; };
		537B0DE5213F3A600035F944 /* Home.storyboard */ = {isa = PBXFileReference; lastKnownFileType = file.storyboard; path = Home.storyboard; sourceTree = "<group>"; };
		537B0DE9213F3F3B0035F944 /* AlbumCell.xib */ = {isa = PBXFileReference; lastKnownFileType = file.xib; path = AlbumCell.xib; sourceTree = "<group>"; };
		537B0DEB213F40550035F944 /* UserCell.xib */ = {isa = PBXFileReference; lastKnownFileType = file.xib; path = UserCell.xib; sourceTree = "<group>"; };
		537B0DF4213F46880035F944 /* HomeViewController.swift */ = {isa = PBXFileReference; lastKnownFileType = sourcecode.swift; path = HomeViewController.swift; sourceTree = "<group>"; };
		537B0DF6213F48420035F944 /* UserTableViewCell.swift */ = {isa = PBXFileReference; lastKnownFileType = sourcecode.swift; path = UserTableViewCell.swift; sourceTree = "<group>"; };
		537B0DF8213F4D9B0035F944 /* HomeViewModel.swift */ = {isa = PBXFileReference; lastKnownFileType = sourcecode.swift; path = HomeViewModel.swift; sourceTree = "<group>"; };
		537B0DFA213F4E640035F944 /* User.swift */ = {isa = PBXFileReference; lastKnownFileType = sourcecode.swift; path = User.swift; sourceTree = "<group>"; };
		537B0DFC213F59ED0035F944 /* RegisterViewController.swift */ = {isa = PBXFileReference; lastKnownFileType = sourcecode.swift; path = RegisterViewController.swift; sourceTree = "<group>"; };
		537B0DFE213F5ADC0035F944 /* RegisterViewModel.swift */ = {isa = PBXFileReference; lastKnownFileType = sourcecode.swift; path = RegisterViewModel.swift; sourceTree = "<group>"; };
		537B0E01213F72560035F944 /* ExtensionsViewController.swift */ = {isa = PBXFileReference; lastKnownFileType = sourcecode.swift; path = ExtensionsViewController.swift; sourceTree = "<group>"; };
		537B0E03213F759E0035F944 /* AlbumsViewController.swift */ = {isa = PBXFileReference; lastKnownFileType = sourcecode.swift; path = AlbumsViewController.swift; sourceTree = "<group>"; };
		537B0E05213F896A0035F944 /* Album.swift */ = {isa = PBXFileReference; lastKnownFileType = sourcecode.swift; path = Album.swift; sourceTree = "<group>"; };
		537F0462213F8E8400EB933E /* AlbumTableViewCell.swift */ = {isa = PBXFileReference; lastKnownFileType = sourcecode.swift; path = AlbumTableViewCell.swift; sourceTree = "<group>"; };
		537F0464213FA59B00EB933E /* LoginViewController.swift */ = {isa = PBXFileReference; lastKnownFileType = sourcecode.swift; path = LoginViewController.swift; sourceTree = "<group>"; };
		537F0466213FAAAC00EB933E /* LoginViewModel.swift */ = {isa = PBXFileReference; lastKnownFileType = sourcecode.swift; path = LoginViewModel.swift; sourceTree = "<group>"; };
		59B190D1089B5D083A34C202 /* Pods-CINQTest.debug.xcconfig */ = {isa = PBXFileReference; includeInIndex = 1; lastKnownFileType = text.xcconfig; name = "Pods-CINQTest.debug.xcconfig"; path = "Pods/Target Support Files/Pods-CINQTest/Pods-CINQTest.debug.xcconfig"; sourceTree = "<group>"; };
		778D67C98D7EF302191477E5 /* Pods-CINQTest.release.xcconfig */ = {isa = PBXFileReference; includeInIndex = 1; lastKnownFileType = text.xcconfig; name = "Pods-CINQTest.release.xcconfig"; path = "Pods/Target Support Files/Pods-CINQTest/Pods-CINQTest.release.xcconfig"; sourceTree = "<group>"; };
/* End PBXFileReference section */

/* Begin PBXFrameworksBuildPhase section */
		53080E50213EE2D3008FAB7F /* Frameworks */ = {
			isa = PBXFrameworksBuildPhase;
			buildActionMask = 2147483647;
			files = (
				6E7736DBE5717833B95478E2 /* Pods_CINQTest.framework in Frameworks */,
			);
			runOnlyForDeploymentPostprocessing = 0;
		};
/* End PBXFrameworksBuildPhase section */

/* Begin PBXGroup section */
		01C1C2BE28A29276E6474AFC /* Frameworks */ = {
			isa = PBXGroup;
			children = (
				04591D13A5D706628007A098 /* Pods_CINQTest.framework */,
			);
			name = Frameworks;
			sourceTree = "<group>";
		};
		53080E4A213EE2D3008FAB7F = {
			isa = PBXGroup;
			children = (
				53080E55213EE2D3008FAB7F /* CINQTest */,
				53080E54213EE2D3008FAB7F /* Products */,
				5ADB94FD5B5D90EB5F265972 /* Pods */,
				01C1C2BE28A29276E6474AFC /* Frameworks */,
			);
			sourceTree = "<group>";
		};
		53080E54213EE2D3008FAB7F /* Products */ = {
			isa = PBXGroup;
			children = (
				53080E53213EE2D3008FAB7F /* CINQTest.app */,
			);
			name = Products;
			sourceTree = "<group>";
		};
		53080E55213EE2D3008FAB7F /* CINQTest */ = {
			isa = PBXGroup;
			children = (
				532C156A2140D57F00FB1B0D /* Services */,
				537B0E00213F72450035F944 /* Extensions */,
				537B0DED213F45A70035F944 /* Model */,
				537B0DEE213F45AE0035F944 /* View */,
				537B0DEF213F45B30035F944 /* ViewModel */,
				537B0DF0213F45DE0035F944 /* Utils */,
				53080E56213EE2D3008FAB7F /* AppDelegate.swift */,
				53080E60213EE2D5008FAB7F /* Assets.xcassets */,
				53080E65213EE2D5008FAB7F /* Info.plist */,
				53080E5D213EE2D3008FAB7F /* CINQTest.xcdatamodeld */,
			);
			path = CINQTest;
			sourceTree = "<group>";
		};
		532C156A2140D57F00FB1B0D /* Services */ = {
			isa = PBXGroup;
			children = (
				532C156D2140DA5300FB1B0D /* LoggedUserService.swift */,
				532C156F2140DCD700FB1B0D /* RealmService.swift */,
			);
			path = Services;
			sourceTree = "<group>";
		};
		537B0DED213F45A70035F944 /* Model */ = {
			isa = PBXGroup;
			children = (
				537B0DFA213F4E640035F944 /* User.swift */,
				537B0E05213F896A0035F944 /* Album.swift */,
			);
			path = Model;
			sourceTree = "<group>";
		};
		537B0DEE213F45AE0035F944 /* View */ = {
			isa = PBXGroup;
			children = (
				537B0DF3213F464D0035F944 /* ViewControllers */,
				537B0DF1213F45F30035F944 /* Storyboards */,
				537B0DF2213F46080035F944 /* Cells */,
			);
			path = View;
			sourceTree = "<group>";
		};
		537B0DEF213F45B30035F944 /* ViewModel */ = {
			isa = PBXGroup;
			children = (
				537B0DF8213F4D9B0035F944 /* HomeViewModel.swift */,
				537B0DFE213F5ADC0035F944 /* RegisterViewModel.swift */,
				537F0466213FAAAC00EB933E /* LoginViewModel.swift */,
				532C15682140D4C200FB1B0D /* AlbumsViewModel.swift */,
			);
			path = ViewModel;
			sourceTree = "<group>";
		};
		537B0DF0213F45DE0035F944 /* Utils */ = {
			isa = PBXGroup;
			children = (
				532C15712140E4CE00FB1B0D /* Constants.swift */,
			);
			path = Utils;
			sourceTree = "<group>";
		};
		537B0DF1213F45F30035F944 /* Storyboards */ = {
			isa = PBXGroup;
			children = (
				53080E5A213EE2D3008FAB7F /* Login.storyboard */,
				537B0DE5213F3A600035F944 /* Home.storyboard */,
				53080E62213EE2D5008FAB7F /* LaunchScreen.storyboard */,
			);
			path = Storyboards;
			sourceTree = "<group>";
		};
		537B0DF2213F46080035F944 /* Cells */ = {
			isa = PBXGroup;
			children = (
				537B0DEB213F40550035F944 /* UserCell.xib */,
				537B0DF6213F48420035F944 /* UserTableViewCell.swift */,
				537B0DE9213F3F3B0035F944 /* AlbumCell.xib */,
				537F0462213F8E8400EB933E /* AlbumTableViewCell.swift */,
			);
			path = Cells;
			sourceTree = "<group>";
		};
		537B0DF3213F464D0035F944 /* ViewControllers */ = {
			isa = PBXGroup;
			children = (
				537B0DF4213F46880035F944 /* HomeViewController.swift */,
				537B0DFC213F59ED0035F944 /* RegisterViewController.swift */,
				537B0E03213F759E0035F944 /* AlbumsViewController.swift */,
				537F0464213FA59B00EB933E /* LoginViewController.swift */,
			);
			path = ViewControllers;
			sourceTree = "<group>";
		};
		537B0E00213F72450035F944 /* Extensions */ = {
			isa = PBXGroup;
			children = (
				537B0E01213F72560035F944 /* ExtensionsViewController.swift */,
			);
			path = Extensions;
			sourceTree = "<group>";
		};
		5ADB94FD5B5D90EB5F265972 /* Pods */ = {
			isa = PBXGroup;
			children = (
				59B190D1089B5D083A34C202 /* Pods-CINQTest.debug.xcconfig */,
				778D67C98D7EF302191477E5 /* Pods-CINQTest.release.xcconfig */,
			);
			name = Pods;
			sourceTree = "<group>";
		};
/* End PBXGroup section */

/* Begin PBXNativeTarget section */
		53080E52213EE2D3008FAB7F /* CINQTest */ = {
			isa = PBXNativeTarget;
			buildConfigurationList = 53080E68213EE2D5008FAB7F /* Build configuration list for PBXNativeTarget "CINQTest" */;
			buildPhases = (
				01602E7C015695EF7CEA58D3 /* [CP] Check Pods Manifest.lock */,
				53080E4F213EE2D3008FAB7F /* Sources */,
				53080E50213EE2D3008FAB7F /* Frameworks */,
				53080E51213EE2D3008FAB7F /* Resources */,
				B7C4BC7D76879AB19E90F63F /* [CP] Embed Pods Frameworks */,
			);
			buildRules = (
			);
			dependencies = (
			);
			name = CINQTest;
			productName = CINQTest;
			productReference = 53080E53213EE2D3008FAB7F /* CINQTest.app */;
			productType = "com.apple.product-type.application";
		};
/* End PBXNativeTarget section */

/* Begin PBXProject section */
		53080E4B213EE2D3008FAB7F /* Project object */ = {
			isa = PBXProject;
			attributes = {
				LastSwiftUpdateCheck = 0940;
				LastUpgradeCheck = 0940;
				ORGANIZATIONNAME = "Davi Pereira Neto";
				TargetAttributes = {
					53080E52213EE2D3008FAB7F = {
						CreatedOnToolsVersion = 9.4.1;
					};
				};
			};
			buildConfigurationList = 53080E4E213EE2D3008FAB7F /* Build configuration list for PBXProject "CINQTest" */;
			compatibilityVersion = "Xcode 9.3";
			developmentRegion = en;
			hasScannedForEncodings = 0;
			knownRegions = (
				en,
				Base,
			);
			mainGroup = 53080E4A213EE2D3008FAB7F;
			productRefGroup = 53080E54213EE2D3008FAB7F /* Products */;
			projectDirPath = "";
			projectRoot = "";
			targets = (
				53080E52213EE2D3008FAB7F /* CINQTest */,
			);
		};
/* End PBXProject section */

/* Begin PBXResourcesBuildPhase section */
		53080E51213EE2D3008FAB7F /* Resources */ = {
			isa = PBXResourcesBuildPhase;
			buildActionMask = 2147483647;
			files = (
				53080E64213EE2D5008FAB7F /* LaunchScreen.storyboard in Resources */,
				53080E61213EE2D5008FAB7F /* Assets.xcassets in Resources */,
				537B0DEC213F40550035F944 /* UserCell.xib in Resources */,
				537B0DEA213F3F3B0035F944 /* AlbumCell.xib in Resources */,
				53080E5C213EE2D3008FAB7F /* Login.storyboard in Resources */,
				537B0DE6213F3A600035F944 /* Home.storyboard in Resources */,
			);
			runOnlyForDeploymentPostprocessing = 0;
		};
/* End PBXResourcesBuildPhase section */

/* Begin PBXShellScriptBuildPhase section */
		01602E7C015695EF7CEA58D3 /* [CP] Check Pods Manifest.lock */ = {
			isa = PBXShellScriptBuildPhase;
			buildActionMask = 2147483647;
			files = (
			);
			inputPaths = (
				"${PODS_PODFILE_DIR_PATH}/Podfile.lock",
				"${PODS_ROOT}/Manifest.lock",
			);
			name = "[CP] Check Pods Manifest.lock";
			outputPaths = (
				"$(DERIVED_FILE_DIR)/Pods-CINQTest-checkManifestLockResult.txt",
			);
			runOnlyForDeploymentPostprocessing = 0;
			shellPath = /bin/sh;
			shellScript = "diff \"${PODS_PODFILE_DIR_PATH}/Podfile.lock\" \"${PODS_ROOT}/Manifest.lock\" > /dev/null\nif [ $? != 0 ] ; then\n    # print error to STDERR\n    echo \"error: The sandbox is not in sync with the Podfile.lock. Run 'pod install' or update your CocoaPods installation.\" >&2\n    exit 1\nfi\n# This output is used by Xcode 'outputs' to avoid re-running this script phase.\necho \"SUCCESS\" > \"${SCRIPT_OUTPUT_FILE_0}\"\n";
			showEnvVarsInLog = 0;
		};
		B7C4BC7D76879AB19E90F63F /* [CP] Embed Pods Frameworks */ = {
			isa = PBXShellScriptBuildPhase;
			buildActionMask = 2147483647;
			files = (
			);
			inputPaths = (
				"${SRCROOT}/Pods/Target Support Files/Pods-CINQTest/Pods-CINQTest-frameworks.sh",
				"${BUILT_PRODUCTS_DIR}/Alamofire/Alamofire.framework",
				"${BUILT_PRODUCTS_DIR}/Kingfisher/Kingfisher.framework",
				"${BUILT_PRODUCTS_DIR}/ObjectMapper/ObjectMapper.framework",
				"${BUILT_PRODUCTS_DIR}/Realm/Realm.framework",
				"${BUILT_PRODUCTS_DIR}/RealmSwift/RealmSwift.framework",
				"${BUILT_PRODUCTS_DIR}/RxAlamofire/RxAlamofire.framework",
				"${BUILT_PRODUCTS_DIR}/RxAlamofire+ObjectMapper/RxAlamofire_ObjectMapper.framework",
				"${BUILT_PRODUCTS_DIR}/RxCocoa/RxCocoa.framework",
				"${BUILT_PRODUCTS_DIR}/RxRealm/RxRealm.framework",
				"${BUILT_PRODUCTS_DIR}/RxRealmDataSources/RxRealmDataSources.framework",
				"${BUILT_PRODUCTS_DIR}/RxSwift/RxSwift.framework",
			);
			name = "[CP] Embed Pods Frameworks";
			outputPaths = (
				"${TARGET_BUILD_DIR}/${FRAMEWORKS_FOLDER_PATH}/Alamofire.framework",
				"${TARGET_BUILD_DIR}/${FRAMEWORKS_FOLDER_PATH}/Kingfisher.framework",
				"${TARGET_BUILD_DIR}/${FRAMEWORKS_FOLDER_PATH}/ObjectMapper.framework",
				"${TARGET_BUILD_DIR}/${FRAMEWORKS_FOLDER_PATH}/Realm.framework",
				"${TARGET_BUILD_DIR}/${FRAMEWORKS_FOLDER_PATH}/RealmSwift.framework",
				"${TARGET_BUILD_DIR}/${FRAMEWORKS_FOLDER_PATH}/RxAlamofire.framework",
				"${TARGET_BUILD_DIR}/${FRAMEWORKS_FOLDER_PATH}/RxAlamofire_ObjectMapper.framework",
				"${TARGET_BUILD_DIR}/${FRAMEWORKS_FOLDER_PATH}/RxCocoa.framework",
				"${TARGET_BUILD_DIR}/${FRAMEWORKS_FOLDER_PATH}/RxRealm.framework",
				"${TARGET_BUILD_DIR}/${FRAMEWORKS_FOLDER_PATH}/RxRealmDataSources.framework",
				"${TARGET_BUILD_DIR}/${FRAMEWORKS_FOLDER_PATH}/RxSwift.framework",
			);
			runOnlyForDeploymentPostprocessing = 0;
			shellPath = /bin/sh;
			shellScript = "\"${SRCROOT}/Pods/Target Support Files/Pods-CINQTest/Pods-CINQTest-frameworks.sh\"\n";
			showEnvVarsInLog = 0;
		};
/* End PBXShellScriptBuildPhase section */

/* Begin PBXSourcesBuildPhase section */
		53080E4F213EE2D3008FAB7F /* Sources */ = {
			isa = PBXSourcesBuildPhase;
			buildActionMask = 2147483647;
			files = (
				537B0DF7213F48420035F944 /* UserTableViewCell.swift in Sources */,
				532C15702140DCD700FB1B0D /* RealmService.swift in Sources */,
				53080E5F213EE2D3008FAB7F /* CINQTest.xcdatamodeld in Sources */,
				537B0DFD213F59ED0035F944 /* RegisterViewController.swift in Sources */,
				537B0DFF213F5ADC0035F944 /* RegisterViewModel.swift in Sources */,
				532C156E2140DA5300FB1B0D /* LoggedUserService.swift in Sources */,
				537B0E04213F759E0035F944 /* AlbumsViewController.swift in Sources */,
				537B0E02213F72560035F944 /* ExtensionsViewController.swift in Sources */,
				537F0467213FAAAC00EB933E /* LoginViewModel.swift in Sources */,
				537B0DFB213F4E640035F944 /* User.swift in Sources */,
				53080E57213EE2D3008FAB7F /* AppDelegate.swift in Sources */,
				537B0E06213F896A0035F944 /* Album.swift in Sources */,
				537B0DF9213F4D9B0035F944 /* HomeViewModel.swift in Sources */,
				537B0DF5213F46880035F944 /* HomeViewController.swift in Sources */,
				537F0465213FA59B00EB933E /* LoginViewController.swift in Sources */,
				537F0463213F8E8400EB933E /* AlbumTableViewCell.swift in Sources */,
				532C15692140D4C200FB1B0D /* AlbumsViewModel.swift in Sources */,
				532C15722140E4CE00FB1B0D /* Constants.swift in Sources */,
			);
			runOnlyForDeploymentPostprocessing = 0;
		};
/* End PBXSourcesBuildPhase section */

/* Begin PBXVariantGroup section */
		53080E5A213EE2D3008FAB7F /* Login.storyboard */ = {
			isa = PBXVariantGroup;
			children = (
				53080E5B213EE2D3008FAB7F /* Base */,
			);
			name = Login.storyboard;
			sourceTree = "<group>";
		};
		53080E62213EE2D5008FAB7F /* LaunchScreen.storyboard */ = {
			isa = PBXVariantGroup;
			children = (
				53080E63213EE2D5008FAB7F /* Base */,
			);
			name = LaunchScreen.storyboard;
			sourceTree = "<group>";
		};
/* End PBXVariantGroup section */

/* Begin XCBuildConfiguration section */
		53080E66213EE2D5008FAB7F /* Debug */ = {
			isa = XCBuildConfiguration;
			buildSettings = {
				ALWAYS_SEARCH_USER_PATHS = NO;
				CLANG_ANALYZER_NONNULL = YES;
				CLANG_ANALYZER_NUMBER_OBJECT_CONVERSION = YES_AGGRESSIVE;
				CLANG_CXX_LANGUAGE_STANDARD = "gnu++14";
				CLANG_CXX_LIBRARY = "libc++";
				CLANG_ENABLE_MODULES = YES;
				CLANG_ENABLE_OBJC_ARC = YES;
				CLANG_ENABLE_OBJC_WEAK = YES;
				CLANG_WARN_BLOCK_CAPTURE_AUTORELEASING = YES;
				CLANG_WARN_BOOL_CONVERSION = YES;
				CLANG_WARN_COMMA = YES;
				CLANG_WARN_CONSTANT_CONVERSION = YES;
				CLANG_WARN_DEPRECATED_OBJC_IMPLEMENTATIONS = YES;
				CLANG_WARN_DIRECT_OBJC_ISA_USAGE = YES_ERROR;
				CLANG_WARN_DOCUMENTATION_COMMENTS = YES;
				CLANG_WARN_EMPTY_BODY = YES;
				CLANG_WARN_ENUM_CONVERSION = YES;
				CLANG_WARN_INFINITE_RECURSION = YES;
				CLANG_WARN_INT_CONVERSION = YES;
				CLANG_WARN_NON_LITERAL_NULL_CONVERSION = YES;
				CLANG_WARN_OBJC_IMPLICIT_RETAIN_SELF = YES;
				CLANG_WARN_OBJC_LITERAL_CONVERSION = YES;
				CLANG_WARN_OBJC_ROOT_CLASS = YES_ERROR;
				CLANG_WARN_RANGE_LOOP_ANALYSIS = YES;
				CLANG_WARN_STRICT_PROTOTYPES = YES;
				CLANG_WARN_SUSPICIOUS_MOVE = YES;
				CLANG_WARN_UNGUARDED_AVAILABILITY = YES_AGGRESSIVE;
				CLANG_WARN_UNREACHABLE_CODE = YES;
				CLANG_WARN__DUPLICATE_METHOD_MATCH = YES;
				CODE_SIGN_IDENTITY = "iPhone Developer";
				COPY_PHASE_STRIP = NO;
				DEBUG_INFORMATION_FORMAT = dwarf;
				ENABLE_STRICT_OBJC_MSGSEND = YES;
				ENABLE_TESTABILITY = YES;
				GCC_C_LANGUAGE_STANDARD = gnu11;
				GCC_DYNAMIC_NO_PIC = NO;
				GCC_NO_COMMON_BLOCKS = YES;
				GCC_OPTIMIZATION_LEVEL = 0;
				GCC_PREPROCESSOR_DEFINITIONS = (
					"DEBUG=1",
					"$(inherited)",
				);
				GCC_WARN_64_TO_32_BIT_CONVERSION = YES;
				GCC_WARN_ABOUT_RETURN_TYPE = YES_ERROR;
				GCC_WARN_UNDECLARED_SELECTOR = YES;
				GCC_WARN_UNINITIALIZED_AUTOS = YES_AGGRESSIVE;
				GCC_WARN_UNUSED_FUNCTION = YES;
				GCC_WARN_UNUSED_VARIABLE = YES;
				IPHONEOS_DEPLOYMENT_TARGET = 11.4;
				MTL_ENABLE_DEBUG_INFO = YES;
				ONLY_ACTIVE_ARCH = YES;
				SDKROOT = iphoneos;
				SWIFT_ACTIVE_COMPILATION_CONDITIONS = DEBUG;
				SWIFT_OPTIMIZATION_LEVEL = "-Onone";
			};
			name = Debug;
		};
		53080E67213EE2D5008FAB7F /* Release */ = {
			isa = XCBuildConfiguration;
			buildSettings = {
				ALWAYS_SEARCH_USER_PATHS = NO;
				CLANG_ANALYZER_NONNULL = YES;
				CLANG_ANALYZER_NUMBER_OBJECT_CONVERSION = YES_AGGRESSIVE;
				CLANG_CXX_LANGUAGE_STANDARD = "gnu++14";
				CLANG_CXX_LIBRARY = "libc++";
				CLANG_ENABLE_MODULES = YES;
				CLANG_ENABLE_OBJC_ARC = YES;
				CLANG_ENABLE_OBJC_WEAK = YES;
				CLANG_WARN_BLOCK_CAPTURE_AUTORELEASING = YES;
				CLANG_WARN_BOOL_CONVERSION = YES;
				CLANG_WARN_COMMA = YES;
				CLANG_WARN_CONSTANT_CONVERSION = YES;
				CLANG_WARN_DEPRECATED_OBJC_IMPLEMENTATIONS = YES;
				CLANG_WARN_DIRECT_OBJC_ISA_USAGE = YES_ERROR;
				CLANG_WARN_DOCUMENTATION_COMMENTS = YES;
				CLANG_WARN_EMPTY_BODY = YES;
				CLANG_WARN_ENUM_CONVERSION = YES;
				CLANG_WARN_INFINITE_RECURSION = YES;
				CLANG_WARN_INT_CONVERSION = YES;
				CLANG_WARN_NON_LITERAL_NULL_CONVERSION = YES;
				CLANG_WARN_OBJC_IMPLICIT_RETAIN_SELF = YES;
				CLANG_WARN_OBJC_LITERAL_CONVERSION = YES;
				CLANG_WARN_OBJC_ROOT_CLASS = YES_ERROR;
				CLANG_WARN_RANGE_LOOP_ANALYSIS = YES;
				CLANG_WARN_STRICT_PROTOTYPES = YES;
				CLANG_WARN_SUSPICIOUS_MOVE = YES;
				CLANG_WARN_UNGUARDED_AVAILABILITY = YES_AGGRESSIVE;
				CLANG_WARN_UNREACHABLE_CODE = YES;
				CLANG_WARN__DUPLICATE_METHOD_MATCH = YES;
				CODE_SIGN_IDENTITY = "iPhone Developer";
				COPY_PHASE_STRIP = NO;
				DEBUG_INFORMATION_FORMAT = "dwarf-with-dsym";
				ENABLE_NS_ASSERTIONS = NO;
				ENABLE_STRICT_OBJC_MSGSEND = YES;
				GCC_C_LANGUAGE_STANDARD = gnu11;
				GCC_NO_COMMON_BLOCKS = YES;
				GCC_WARN_64_TO_32_BIT_CONVERSION = YES;
				GCC_WARN_ABOUT_RETURN_TYPE = YES_ERROR;
				GCC_WARN_UNDECLARED_SELECTOR = YES;
				GCC_WARN_UNINITIALIZED_AUTOS = YES_AGGRESSIVE;
				GCC_WARN_UNUSED_FUNCTION = YES;
				GCC_WARN_UNUSED_VARIABLE = YES;
				IPHONEOS_DEPLOYMENT_TARGET = 11.4;
				MTL_ENABLE_DEBUG_INFO = NO;
				SDKROOT = iphoneos;
				SWIFT_COMPILATION_MODE = wholemodule;
				SWIFT_OPTIMIZATION_LEVEL = "-O";
				VALIDATE_PRODUCT = YES;
			};
			name = Release;
		};
		53080E69213EE2D5008FAB7F /* Debug */ = {
			isa = XCBuildConfiguration;
			baseConfigurationReference = 59B190D1089B5D083A34C202 /* Pods-CINQTest.debug.xcconfig */;
			buildSettings = {
				ASSETCATALOG_COMPILER_APPICON_NAME = AppIcon;
				CODE_SIGN_STYLE = Automatic;
				DEVELOPMENT_TEAM = 6CWXP6N3WG;
				INFOPLIST_FILE = CINQTest/Info.plist;
				IPHONEOS_DEPLOYMENT_TARGET = 9.3;
				LD_RUNPATH_SEARCH_PATHS = (
					"$(inherited)",
					"@executable_path/Frameworks",
				);
				PRODUCT_BUNDLE_IDENTIFIER = br.com.davipneto.CINQTest;
				PRODUCT_NAME = "$(TARGET_NAME)";
				SWIFT_VERSION = 4.0;
				TARGETED_DEVICE_FAMILY = "1,2";
			};
			name = Debug;
		};
		53080E6A213EE2D5008FAB7F /* Release */ = {
			isa = XCBuildConfiguration;
			baseConfigurationReference = 778D67C98D7EF302191477E5 /* Pods-CINQTest.release.xcconfig */;
			buildSettings = {
				ASSETCATALOG_COMPILER_APPICON_NAME = AppIcon;
				CODE_SIGN_STYLE = Automatic;
				DEVELOPMENT_TEAM = 6CWXP6N3WG;
				INFOPLIST_FILE = CINQTest/Info.plist;
				IPHONEOS_DEPLOYMENT_TARGET = 9.3;
				LD_RUNPATH_SEARCH_PATHS = (
					"$(inherited)",
					"@executable_path/Frameworks",
				);
				PRODUCT_BUNDLE_IDENTIFIER = br.com.davipneto.CINQTest;
				PRODUCT_NAME = "$(TARGET_NAME)";
				SWIFT_VERSION = 4.0;
				TARGETED_DEVICE_FAMILY = "1,2";
			};
			name = Release;
		};
/* End XCBuildConfiguration section */

/* Begin XCConfigurationList section */
		53080E4E213EE2D3008FAB7F /* Build configuration list for PBXProject "CINQTest" */ = {
			isa = XCConfigurationList;
			buildConfigurations = (
				53080E66213EE2D5008FAB7F /* Debug */,
				53080E67213EE2D5008FAB7F /* Release */,
			);
			defaultConfigurationIsVisible = 0;
			defaultConfigurationName = Release;
		};
		53080E68213EE2D5008FAB7F /* Build configuration list for PBXNativeTarget "CINQTest" */ = {
			isa = XCConfigurationList;
			buildConfigurations = (
				53080E69213EE2D5008FAB7F /* Debug */,
				53080E6A213EE2D5008FAB7F /* Release */,
			);
			defaultConfigurationIsVisible = 0;
			defaultConfigurationName = Release;
		};
/* End XCConfigurationList section */

/* Begin XCVersionGroup section */
		53080E5D213EE2D3008FAB7F /* CINQTest.xcdatamodeld */ = {
			isa = XCVersionGroup;
			children = (
				53080E5E213EE2D3008FAB7F /* CINQTest.xcdatamodel */,
			);
			currentVersion = 53080E5E213EE2D3008FAB7F /* CINQTest.xcdatamodel */;
			path = CINQTest.xcdatamodeld;
			sourceTree = "<group>";
			versionGroupType = wrapper.xcdatamodel;
		};
/* End XCVersionGroup section */
	};
	rootObject = 53080E4B213EE2D3008FAB7F /* Project object */;
}
